
Microsoft Visual Studio Solution File, Format Version 12.00
# Visual Studio Version 17
VisualStudioVersion = 17.0.31903.59
MinimumVisualStudioVersion = 10.0.40219.1
Project("{2150E333-8FDC-42A3-9474-1A3956D46DE8}") = "src", "src", "{827E0CD3-B72D-47B6-A68D-7590B98EB39B}"
	ProjectSection(SolutionItems) = preProject
		src\docker-compose.yml = src\docker-compose.yml
	EndProjectSection
EndProject
Project("{FAE04EC0-301F-11D3-BF4B-00C04F79EFBC}") = "ProductApp.Api", "src\ProductApp.Api\ProductApp.Api.csproj", "{58CBFD8D-1271-4504-B879-FCC4D85A743B}"
EndProject
Project("{FAE04EC0-301F-11D3-BF4B-00C04F79EFBC}") = "ProductApp.Core", "src\ProductApp.Core\ProductApp.Core.csproj", "{A1D388D2-3050-40B1-A017-B8F777AB0314}"
EndProject
Project("{FAE04EC0-301F-11D3-BF4B-00C04F79EFBC}") = "ProductApp.Application", "src\ProductApp.Application\ProductApp.Application.csproj", "{1145DBDE-712B-409D-9B92-DB54A09206D9}"
EndProject
Project("{FAE04EC0-301F-11D3-BF4B-00C04F79EFBC}") = "ProductApp.Infrastructure", "src\ProductApp.Infrastructure\ProductApp.Infrastructure.csproj", "{F083DB54-9B4C-4995-AD5A-E5AC507140E0}"
EndProject
Project("{FAE04EC0-301F-11D3-BF4B-00C04F79EFBC}") = "ProductApp.Tests.Unit", "tests\ProductApp.Tests.Unit\ProductApp.Tests.Unit.csproj", "{4AFC42CD-E2E8-47C0-BB6A-3FD06823EB47}"
EndProject
Global
	GlobalSection(SolutionConfigurationPlatforms) = preSolution
		Debug|Any CPU = Debug|Any CPU
		Debug|x64 = Debug|x64
		Debug|x86 = Debug|x86
		Release|Any CPU = Release|Any CPU
		Release|x64 = Release|x64
		Release|x86 = Release|x86
	EndGlobalSection
	GlobalSection(ProjectConfigurationPlatforms) = postSolution
		{58CBFD8D-1271-4504-B879-FCC4D85A743B}.Debug|Any CPU.ActiveCfg = Debug|Any CPU
		{58CBFD8D-1271-4504-B879-FCC4D85A743B}.Debug|Any CPU.Build.0 = Debug|Any CPU
		{58CBFD8D-1271-4504-B879-FCC4D85A743B}.Debug|x64.ActiveCfg = Debug|Any CPU
		{58CBFD8D-1271-4504-B879-FCC4D85A743B}.Debug|x64.Build.0 = Debug|Any CPU
		{58CBFD8D-1271-4504-B879-FCC4D85A743B}.Debug|x86.ActiveCfg = Debug|Any CPU
		{58CBFD8D-1271-4504-B879-FCC4D85A743B}.Debug|x86.Build.0 = Debug|Any CPU
		{58CBFD8D-1271-4504-B879-FCC4D85A743B}.Release|Any CPU.ActiveCfg = Release|Any CPU
		{58CBFD8D-1271-4504-B879-FCC4D85A743B}.Release|Any CPU.Build.0 = Release|Any CPU
		{58CBFD8D-1271-4504-B879-FCC4D85A743B}.Release|x64.ActiveCfg = Release|Any CPU
		{58CBFD8D-1271-4504-B879-FCC4D85A743B}.Release|x64.Build.0 = Release|Any CPU
		{58CBFD8D-1271-4504-B879-FCC4D85A743B}.Release|x86.ActiveCfg = Release|Any CPU
		{58CBFD8D-1271-4504-B879-FCC4D85A743B}.Release|x86.Build.0 = Release|Any CPU
		{A1D388D2-3050-40B1-A017-B8F777AB0314}.Debug|Any CPU.ActiveCfg = Debug|Any CPU
		{A1D388D2-3050-40B1-A017-B8F777AB0314}.Debug|Any CPU.Build.0 = Debug|Any CPU
		{A1D388D2-3050-40B1-A017-B8F777AB0314}.Debug|x64.ActiveCfg = Debug|Any CPU
		{A1D388D2-3050-40B1-A017-B8F777AB0314}.Debug|x64.Build.0 = Debug|Any CPU
		{A1D388D2-3050-40B1-A017-B8F777AB0314}.Debug|x86.ActiveCfg = Debug|Any CPU
		{A1D388D2-3050-40B1-A017-B8F777AB0314}.Debug|x86.Build.0 = Debug|Any CPU
		{A1D388D2-3050-40B1-A017-B8F777AB0314}.Release|Any CPU.ActiveCfg = Release|Any CPU
		{A1D388D2-3050-40B1-A017-B8F777AB0314}.Release|Any CPU.Build.0 = Release|Any CPU
		{A1D388D2-3050-40B1-A017-B8F777AB0314}.Release|x64.ActiveCfg = Release|Any CPU
		{A1D388D2-3050-40B1-A017-B8F777AB0314}.Release|x64.Build.0 = Release|Any CPU
		{A1D388D2-3050-40B1-A017-B8F777AB0314}.Release|x86.ActiveCfg = Release|Any CPU
		{A1D388D2-3050-40B1-A017-B8F777AB0314}.Release|x86.Build.0 = Release|Any CPU
		{1145DBDE-712B-409D-9B92-DB54A09206D9}.Debug|Any CPU.ActiveCfg = Debug|Any CPU
		{1145DBDE-712B-409D-9B92-DB54A09206D9}.Debug|Any CPU.Build.0 = Debug|Any CPU
		{1145DBDE-712B-409D-9B92-DB54A09206D9}.Debug|x64.ActiveCfg = Debug|Any CPU
		{1145DBDE-712B-409D-9B92-DB54A09206D9}.Debug|x64.Build.0 = Debug|Any CPU
		{1145DBDE-712B-409D-9B92-DB54A09206D9}.Debug|x86.ActiveCfg = Debug|Any CPU
		{1145DBDE-712B-409D-9B92-DB54A09206D9}.Debug|x86.Build.0 = Debug|Any CPU
		{1145DBDE-712B-409D-9B92-DB54A09206D9}.Release|Any CPU.ActiveCfg = Release|Any CPU
		{1145DBDE-712B-409D-9B92-DB54A09206D9}.Release|Any CPU.Build.0 = Release|Any CPU
		{1145DBDE-712B-409D-9B92-DB54A09206D9}.Release|x64.ActiveCfg = Release|Any CPU
		{1145DBDE-712B-409D-9B92-DB54A09206D9}.Release|x64.Build.0 = Release|Any CPU
		{1145DBDE-712B-409D-9B92-DB54A09206D9}.Release|x86.ActiveCfg = Release|Any CPU
		{1145DBDE-712B-409D-9B92-DB54A09206D9}.Release|x86.Build.0 = Release|Any CPU
		{F083DB54-9B4C-4995-AD5A-E5AC507140E0}.Debug|Any CPU.ActiveCfg = Debug|Any CPU
		{F083DB54-9B4C-4995-AD5A-E5AC507140E0}.Debug|Any CPU.Build.0 = Debug|Any CPU
		{F083DB54-9B4C-4995-AD5A-E5AC507140E0}.Debug|x64.ActiveCfg = Debug|Any CPU
		{F083DB54-9B4C-4995-AD5A-E5AC507140E0}.Debug|x64.Build.0 = Debug|Any CPU
		{F083DB54-9B4C-4995-AD5A-E5AC507140E0}.Debug|x86.ActiveCfg = Debug|Any CPU
		{F083DB54-9B4C-4995-AD5A-E5AC507140E0}.Debug|x86.Build.0 = Debug|Any CPU
		{F083DB54-9B4C-4995-AD5A-E5AC507140E0}.Release|Any CPU.ActiveCfg = Release|Any CPU
		{F083DB54-9B4C-4995-AD5A-E5AC507140E0}.Release|Any CPU.Build.0 = Release|Any CPU
		{F083DB54-9B4C-4995-AD5A-E5AC507140E0}.Release|x64.ActiveCfg = Release|Any CPU
		{F083DB54-9B4C-4995-AD5A-E5AC507140E0}.Release|x64.Build.0 = Release|Any CPU
		{F083DB54-9B4C-4995-AD5A-E5AC507140E0}.Release|x86.ActiveCfg = Release|Any CPU
		{F083DB54-9B4C-4995-AD5A-E5AC507140E0}.Release|x86.Build.0 = Release|Any CPU
		{4AFC42CD-E2E8-47C0-BB6A-3FD06823EB47}.Debug|Any CPU.ActiveCfg = Debug|Any CPU
		{4AFC42CD-E2E8-47C0-BB6A-3FD06823EB47}.Debug|Any CPU.Build.0 = Debug|Any CPU
		{4AFC42CD-E2E8-47C0-BB6A-3FD06823EB47}.Debug|x64.ActiveCfg = Debug|Any CPU
		{4AFC42CD-E2E8-47C0-BB6A-3FD06823EB47}.Debug|x64.Build.0 = Debug|Any CPU
		{4AFC42CD-E2E8-47C0-BB6A-3FD06823EB47}.Debug|x86.ActiveCfg = Debug|Any CPU
		{4AFC42CD-E2E8-47C0-BB6A-3FD06823EB47}.Debug|x86.Build.0 = Debug|Any CPU
		{4AFC42CD-E2E8-47C0-BB6A-3FD06823EB47}.Release|Any CPU.ActiveCfg = Release|Any CPU
		{4AFC42CD-E2E8-47C0-BB6A-3FD06823EB47}.Release|Any CPU.Build.0 = Release|Any CPU
		{4AFC42CD-E2E8-47C0-BB6A-3FD06823EB47}.Release|x64.ActiveCfg = Release|Any CPU
		{4AFC42CD-E2E8-47C0-BB6A-3FD06823EB47}.Release|x64.Build.0 = Release|Any CPU
		{4AFC42CD-E2E8-47C0-BB6A-3FD06823EB47}.Release|x86.ActiveCfg = Release|Any CPU
		{4AFC42CD-E2E8-47C0-BB6A-3FD06823EB47}.Release|x86.Build.0 = Release|Any CPU
	EndGlobalSection
	GlobalSection(SolutionProperties) = preSolution
		HideSolutionNode = FALSE
	EndGlobalSection
	GlobalSection(NestedProjects) = preSolution
		{58CBFD8D-1271-4504-B879-FCC4D85A743B} = {827E0CD3-B72D-47B6-A68D-7590B98EB39B}
		{A1D388D2-3050-40B1-A017-B8F777AB0314} = {827E0CD3-B72D-47B6-A68D-7590B98EB39B}
		{1145DBDE-712B-409D-9B92-DB54A09206D9} = {827E0CD3-B72D-47B6-A68D-7590B98EB39B}
		{F083DB54-9B4C-4995-AD5A-E5AC507140E0} = {827E0CD3-B72D-47B6-A68D-7590B98EB39B}
	EndGlobalSection
EndGlobal
